Microsoft Visual Studio Solution File, Format Version 12.00
# Visual Studio Version 18
VisualStudioVersion = 18.3.11505.172 d18.3
MinimumVisualStudioVersion = 10.0.40219.1
Project("{8BC9CEB8-8B4A-11D0-8D11-00A0C91BC942}") = "Zlib", "zlib\ZLibrary.vcxproj", "{21C70CA0-24C5-475B-8C47-6F0226A374B0}"
EndProject
Project("{8BC9CEB8-8B4A-11D0-8D11-00A0C91BC942}") = "Guids", "guids\Guids.vcxproj", "{FA223B93-BCFB-48FA-B9DD-DB9DBBC8F314}"
EndProject
Project("{8BC9CEB8-8B4A-11D0-8D11-00A0C91BC942}") = "Utility", "_Utility\Utility.vcxproj", "{3853A2C5-F219-4C7D-841A-9407A7AEAE9D}"
EndProject
Project("{8BC9CEB8-8B4A-11D0-8D11-00A0C91BC942}") = "Engine", "engine\Engine.vcxproj", "{82807D04-1A0C-4B6B-AA06-525750EF4610}"
EndProject
Project("{8BC9CEB8-8B4A-11D0-8D11-00A0C91BC942}") = "Effect", "effect\effect.vcxproj", "{D22B6577-79A0-4834-9847-8AEC1D4F9BB4}"
EndProject
Project("{8BC9CEB8-8B4A-11D0-8D11-00A0C91BC942}") = "SoundEngine", "soundengine\SoundEngine.vcxproj", "{F81BB9EE-DD86-415E-87E3-B60732EFD72F}"
EndProject
Project("{8BC9CEB8-8B4A-11D0-8D11-00A0C91BC942}") = "mdlc", "mdlc\mdlc.vcxproj", "{9F998B06-078F-4D01-BE26-0302B4772FE3}"
EndProject
Project("{8BC9CEB8-8B4A-11D0-8D11-00A0C91BC942}") = "Igc", "Igc\Igc.vcxproj", "{BF99DCB8-4127-4403-82C9-72190C6ABF5F}"
EndProject
Project("{8BC9CEB8-8B4A-11D0-8D11-00A0C91BC942}") = "ClintLib", "clintlib\ClintLib.vcxproj", "{557CA42C-AA39-4C44-A998-0452F8C55851}"
EndProject
Project("{8BC9CEB8-8B4A-11D0-8D11-00A0C91BC942}") = "AGC", "AGC\AGC.vcxproj", "{1CBF6569-F71C-422A-81DD-8D30A736DB21}"
EndProject
Project("{8BC9CEB8-8B4A-11D0-8D11-00A0C91BC942}") = "Allegiance", "WinTrek\Allegiance.vcxproj", "{3702DB5A-C966-4133-824F-5958F4BF9BCF}"
EndProject
Project("{8BC9CEB8-8B4A-11D0-8D11-00A0C91BC942}") = "Server", "FedSrv\Server.vcxproj", "{05EAD557-56B0-4070-83F0-8A2B6FB9C54D}"
EndProject
Project("{8BC9CEB8-8B4A-11D0-8D11-00A0C91BC942}") = "Lobby", "lobby\Lobby.vcxproj", "{181139DC-F4E7-446B-B8DD-C195691B34CA}"
EndProject
Project("{8BC9CEB8-8B4A-11D0-8D11-00A0C91BC942}") = "xmunge", "xmunge\xmunge.vcxproj", "{D0771872-F515-47A2-87D4-7068F41D65B1}"
EndProject
Project("{2150E333-8FDC-42A3-9474-1A3956D46DE8}") = "Solution Items", "Solution Items", "{F1D95317-3E89-4F99-AC31-CDC347710381}"
	ProjectSection(SolutionItems) = preProject
		VSNet.Readme = VSNet.Readme
	EndProjectSection
EndProject
Global
	GlobalSection(SolutionConfigurationPlatforms) = preSolution
		BChecker|x86 = BChecker|x86
		BCheckerD|x86 = BCheckerD|x86
		Debug|x86 = Debug|x86
		ICap|x86 = ICap|x86
		ICapD|x86 = ICapD|x86
		Release|x86 = Release|x86
		Retail|x86 = Retail|x86
		Test|x86 = Test|x86
		TrueTime|x86 = TrueTime|x86
		TrueTimeD|x86 = TrueTimeD|x86
	EndGlobalSection
	GlobalSection(ProjectConfigurationPlatforms) = postSolution
		{21C70CA0-24C5-475B-8C47-6F0226A374B0}.BChecker|x86.ActiveCfg = BChecker|Win32
		{21C70CA0-24C5-475B-8C47-6F0226A374B0}.BChecker|x86.Build.0 = BChecker|Win32
		{21C70CA0-24C5-475B-8C47-6F0226A374B0}.BCheckerD|x86.ActiveCfg = BCheckerD|Win32
		{21C70CA0-24C5-475B-8C47-6F0226A374B0}.BCheckerD|x86.Build.0 = BCheckerD|Win32
		{21C70CA0-24C5-475B-8C47-6F0226A374B0}.Debug|x86.ActiveCfg = Debug|Win32
		{21C70CA0-24C5-475B-8C47-6F0226A374B0}.Debug|x86.Build.0 = Debug|Win32
		{21C70CA0-24C5-475B-8C47-6F0226A374B0}.ICap|x86.ActiveCfg = ICap|Win32
		{21C70CA0-24C5-475B-8C47-6F0226A374B0}.ICap|x86.Build.0 = ICap|Win32
		{21C70CA0-24C5-475B-8C47-6F0226A374B0}.ICapD|x86.ActiveCfg = ICapD|Win32
		{21C70CA0-24C5-475B-8C47-6F0226A374B0}.ICapD|x86.Build.0 = ICapD|Win32
		{21C70CA0-24C5-475B-8C47-6F0226A374B0}.Release|x86.ActiveCfg = Retail|Win32
		{21C70CA0-24C5-475B-8C47-6F0226A374B0}.Release|x86.Build.0 = Retail|Win32
		{21C70CA0-24C5-475B-8C47-6F0226A374B0}.Retail|x86.ActiveCfg = Retail|Win32
		{21C70CA0-24C5-475B-8C47-6F0226A374B0}.Retail|x86.Build.0 = Retail|Win32
		{21C70CA0-24C5-475B-8C47-6F0226A374B0}.Test|x86.ActiveCfg = Test|Win32
		{21C70CA0-24C5-475B-8C47-6F0226A374B0}.Test|x86.Build.0 = Test|Win32
		{21C70CA0-24C5-475B-8C47-6F0226A374B0}.TrueTime|x86.ActiveCfg = TrueTime|Win32
		{21C70CA0-24C5-475B-8C47-6F0226A374B0}.TrueTime|x86.Build.0 = TrueTime|Win32
		{21C70CA0-24C5-475B-8C47-6F0226A374B0}.TrueTimeD|x86.ActiveCfg = TrueTimeD|Win32
		{21C70CA0-24C5-475B-8C47-6F0226A374B0}.TrueTimeD|x86.Build.0 = TrueTimeD|Win32
		{FA223B93-BCFB-48FA-B9DD-DB9DBBC8F314}.BChecker|x86.ActiveCfg = BChecker|Win32
		{FA223B93-BCFB-48FA-B9DD-DB9DBBC8F314}.BChecker|x86.Build.0 = BChecker|Win32
		{FA223B93-BCFB-48FA-B9DD-DB9DBBC8F314}.BCheckerD|x86.ActiveCfg = BCheckerD|Win32
		{FA223B93-BCFB-48FA-B9DD-DB9DBBC8F314}.BCheckerD|x86.Build.0 = BCheckerD|Win32
		{FA223B93-BCFB-48FA-B9DD-DB9DBBC8F314}.Debug|x86.ActiveCfg = Debug|Win32
		{FA223B93-BCFB-48FA-B9DD-DB9DBBC8F314}.Debug|x86.Build.0 = Debug|Win32
		{FA223B93-BCFB-48FA-B9DD-DB9DBBC8F314}.ICap|x86.ActiveCfg = ICap|Win32
		{FA223B93-BCFB-48FA-B9DD-DB9DBBC8F314}.ICap|x86.Build.0 = ICap|Win32
		{FA223B93-BCFB-48FA-B9DD-DB9DBBC8F314}.ICapD|x86.ActiveCfg = ICapD|Win32
		{FA223B93-BCFB-48FA-B9DD-DB9DBBC8F314}.ICapD|x86.Build.0 = ICapD|Win32
		{FA223B93-BCFB-48FA-B9DD-DB9DBBC8F314}.Release|x86.ActiveCfg = Retail|Win32
		{FA223B93-BCFB-48FA-B9DD-DB9DBBC8F314}.Release|x86.Build.0 = Retail|Win32
		{FA223B93-BCFB-48FA-B9DD-DB9DBBC8F314}.Retail|x86.ActiveCfg = Retail|Win32
		{FA223B93-BCFB-48FA-B9DD-DB9DBBC8F314}.Retail|x86.Build.0 = Retail|Win32
		{FA223B93-BCFB-48FA-B9DD-DB9DBBC8F314}.Test|x86.ActiveCfg = Test|Win32
		{FA223B93-BCFB-48FA-B9DD-DB9DBBC8F314}.Test|x86.Build.0 = Test|Win32
		{FA223B93-BCFB-48FA-B9DD-DB9DBBC8F314}.TrueTime|x86.ActiveCfg = TrueTime|Win32
		{FA223B93-BCFB-48FA-B9DD-DB9DBBC8F314}.TrueTime|x86.Build.0 = TrueTime|Win32
		{FA223B93-BCFB-48FA-B9DD-DB9DBBC8F314}.TrueTimeD|x86.ActiveCfg = TrueTimeD|Win32
		{FA223B93-BCFB-48FA-B9DD-DB9DBBC8F314}.TrueTimeD|x86.Build.0 = TrueTimeD|Win32
		{3853A2C5-F219-4C7D-841A-9407A7AEAE9D}.BChecker|x86.ActiveCfg = BChecker|Win32
		{3853A2C5-F219-4C7D-841A-9407A7AEAE9D}.BChecker|x86.Build.0 = BChecker|Win32
		{3853A2C5-F219-4C7D-841A-9407A7AEAE9D}.BCheckerD|x86.ActiveCfg = BCheckerD|Win32
		{3853A2C5-F219-4C7D-841A-9407A7AEAE9D}.BCheckerD|x86.Build.0 = BCheckerD|Win32
		{3853A2C5-F219-4C7D-841A-9407A7AEAE9D}.Debug|x86.ActiveCfg = Debug|Win32
		{3853A2C5-F219-4C7D-841A-9407A7AEAE9D}.Debug|x86.Build.0 = Debug|Win32
		{3853A2C5-F219-4C7D-841A-9407A7AEAE9D}.ICap|x86.ActiveCfg = ICap|Win32
		{3853A2C5-F219-4C7D-841A-9407A7AEAE9D}.ICap|x86.Build.0 = ICap|Win32
		{3853A2C5-F219-4C7D-841A-9407A7AEAE9D}.ICapD|x86.ActiveCfg = ICapD|Win32
		{3853A2C5-F219-4C7D-841A-9407A7AEAE9D}.ICapD|x86.Build.0 = ICapD|Win32
		{3853A2C5-F219-4C7D-841A-9407A7AEAE9D}.Release|x86.ActiveCfg = Retail|Win32
		{3853A2C5-F219-4C7D-841A-9407A7AEAE9D}.Release|x86.Build.0 = Retail|Win32
		{3853A2C5-F219-4C7D-841A-9407A7AEAE9D}.Retail|x86.ActiveCfg = Retail|Win32
		{3853A2C5-F219-4C7D-841A-9407A7AEAE9D}.Retail|x86.Build.0 = Retail|Win32
		{3853A2C5-F219-4C7D-841A-9407A7AEAE9D}.Test|x86.ActiveCfg = Test|Win32
		{3853A2C5-F219-4C7D-841A-9407A7AEAE9D}.Test|x86.Build.0 = Test|Win32
		{3853A2C5-F219-4C7D-841A-9407A7AEAE9D}.TrueTime|x86.ActiveCfg = TrueTime|Win32
		{3853A2C5-F219-4C7D-841A-9407A7AEAE9D}.TrueTime|x86.Build.0 = TrueTime|Win32
		{3853A2C5-F219-4C7D-841A-9407A7AEAE9D}.TrueTimeD|x86.ActiveCfg = TrueTimeD|Win32
		{3853A2C5-F219-4C7D-841A-9407A7AEAE9D}.TrueTimeD|x86.Build.0 = TrueTimeD|Win32
		{82807D04-1A0C-4B6B-AA06-525750EF4610}.BChecker|x86.ActiveCfg = BChecker|Win32
		{82807D04-1A0C-4B6B-AA06-525750EF4610}.BChecker|x86.Build.0 = BChecker|Win32
		{82807D04-1A0C-4B6B-AA06-525750EF4610}.BCheckerD|x86.ActiveCfg = BCheckerD|Win32
		{82807D04-1A0C-4B6B-AA06-525750EF4610}.BCheckerD|x86.Build.0 = BCheckerD|Win32
		{82807D04-1A0C-4B6B-AA06-525750EF4610}.Debug|x86.ActiveCfg = Debug|Win32
		{82807D04-1A0C-4B6B-AA06-525750EF4610}.Debug|x86.Build.0 = Debug|Win32
		{82807D04-1A0C-4B6B-AA06-525750EF4610}.ICap|x86.ActiveCfg = ICap|Win32
		{82807D04-1A0C-4B6B-AA06-525750EF4610}.ICap|x86.Build.0 = ICap|Win32
		{82807D04-1A0C-4B6B-AA06-525750EF4610}.ICapD|x86.ActiveCfg = ICapD|Win32
		{82807D04-1A0C-4B6B-AA06-525750EF4610}.ICapD|x86.Build.0 = ICapD|Win32
		{82807D04-1A0C-4B6B-AA06-525750EF4610}.Release|x86.ActiveCfg = Retail|Win32
		{82807D04-1A0C-4B6B-AA06-525750EF4610}.Release|x86.Build.0 = Retail|Win32
		{82807D04-1A0C-4B6B-AA06-525750EF4610}.Retail|x86.ActiveCfg = Retail|Win32
		{82807D04-1A0C-4B6B-AA06-525750EF4610}.Retail|x86.Build.0 = Retail|Win32
		{82807D04-1A0C-4B6B-AA06-525750EF4610}.Test|x86.ActiveCfg = Test|Win32
		{82807D04-1A0C-4B6B-AA06-525750EF4610}.Test|x86.Build.0 = Test|Win32
		{82807D04-1A0C-4B6B-AA06-525750EF4610}.TrueTime|x86.ActiveCfg = TrueTime|Win32
		{82807D04-1A0C-4B6B-AA06-525750EF4610}.TrueTime|x86.Build.0 = TrueTime|Win32
		{82807D04-1A0C-4B6B-AA06-525750EF4610}.TrueTimeD|x86.ActiveCfg = TrueTimeD|Win32
		{82807D04-1A0C-4B6B-AA06-525750EF4610}.TrueTimeD|x86.Build.0 = TrueTimeD|Win32
		{D22B6577-79A0-4834-9847-8AEC1D4F9BB4}.BChecker|x86.ActiveCfg = BChecker|Win32
		{D22B6577-79A0-4834-9847-8AEC1D4F9BB4}.BChecker|x86.Build.0 = BChecker|Win32
		{D22B6577-79A0-4834-9847-8AEC1D4F9BB4}.BCheckerD|x86.ActiveCfg = BCheckerD|Win32
		{D22B6577-79A0-4834-9847-8AEC1D4F9BB4}.BCheckerD|x86.Build.0 = BCheckerD|Win32
		{D22B6577-79A0-4834-9847-8AEC1D4F9BB4}.Debug|x86.ActiveCfg = Debug|Win32
		{D22B6577-79A0-4834-9847-8AEC1D4F9BB4}.Debug|x86.Build.0 = Debug|Win32
		{D22B6577-79A0-4834-9847-8AEC1D4F9BB4}.ICap|x86.ActiveCfg = ICap|Win32
		{D22B6577-79A0-4834-9847-8AEC1D4F9BB4}.ICap|x86.Build.0 = ICap|Win32
		{D22B6577-79A0-4834-9847-8AEC1D4F9BB4}.ICapD|x86.ActiveCfg = ICapD|Win32
		{D22B6577-79A0-4834-9847-8AEC1D4F9BB4}.ICapD|x86.Build.0 = ICapD|Win32
		{D22B6577-79A0-4834-9847-8AEC1D4F9BB4}.Release|x86.ActiveCfg = Retail|Win32
		{D22B6577-79A0-4834-9847-8AEC1D4F9BB4}.Release|x86.Build.0 = Retail|Win32
		{D22B6577-79A0-4834-9847-8AEC1D4F9BB4}.Retail|x86.ActiveCfg = Retail|Win32
		{D22B6577-79A0-4834-9847-8AEC1D4F9BB4}.Retail|x86.Build.0 = Retail|Win32
		{D22B6577-79A0-4834-9847-8AEC1D4F9BB4}.Test|x86.ActiveCfg = Test|Win32
		{D22B6577-79A0-4834-9847-8AEC1D4F9BB4}.Test|x86.Build.0 = Test|Win32
		{D22B6577-79A0-4834-9847-8AEC1D4F9BB4}.TrueTime|x86.ActiveCfg = TrueTime|Win32
		{D22B6577-79A0-4834-9847-8AEC1D4F9BB4}.TrueTime|x86.Build.0 = TrueTime|Win32
		{D22B6577-79A0-4834-9847-8AEC1D4F9BB4}.TrueTimeD|x86.ActiveCfg = TrueTimeD|Win32
		{D22B6577-79A0-4834-9847-8AEC1D4F9BB4}.TrueTimeD|x86.Build.0 = TrueTimeD|Win32
		{F81BB9EE-DD86-415E-87E3-B60732EFD72F}.BChecker|x86.ActiveCfg = BChecker|Win32
		{F81BB9EE-DD86-415E-87E3-B60732EFD72F}.BChecker|x86.Build.0 = BChecker|Win32
		{F81BB9EE-DD86-415E-87E3-B60732EFD72F}.BCheckerD|x86.ActiveCfg = BCheckerD|Win32
		{F81BB9EE-DD86-415E-87E3-B60732EFD72F}.BCheckerD|x86.Build.0 = BCheckerD|Win32
		{F81BB9EE-DD86-415E-87E3-B60732EFD72F}.Debug|x86.ActiveCfg = Debug|Win32
		{F81BB9EE-DD86-415E-87E3-B60732EFD72F}.Debug|x86.Build.0 = Debug|Win32
		{F81BB9EE-DD86-415E-87E3-B60732EFD72F}.ICap|x86.ActiveCfg = ICap|Win32
		{F81BB9EE-DD86-415E-87E3-B60732EFD72F}.ICap|x86.Build.0 = ICap|Win32
		{F81BB9EE-DD86-415E-87E3-B60732EFD72F}.ICapD|x86.ActiveCfg = ICapD|Win32
		{F81BB9EE-DD86-415E-87E3-B60732EFD72F}.ICapD|x86.Build.0 = ICapD|Win32
		{F81BB9EE-DD86-415E-87E3-B60732EFD72F}.Release|x86.ActiveCfg = Retail|Win32
		{F81BB9EE-DD86-415E-87E3-B60732EFD72F}.Release|x86.Build.0 = Retail|Win32
		{F81BB9EE-DD86-415E-87E3-B60732EFD72F}.Retail|x86.ActiveCfg = Retail|Win32
		{F81BB9EE-DD86-415E-87E3-B60732EFD72F}.Retail|x86.Build.0 = Retail|Win32
		{F81BB9EE-DD86-415E-87E3-B60732EFD72F}.Test|x86.ActiveCfg = Test|Win32
		{F81BB9EE-DD86-415E-87E3-B60732EFD72F}.Test|x86.Build.0 = Test|Win32
		{F81BB9EE-DD86-415E-87E3-B60732EFD72F}.TrueTime|x86.ActiveCfg = TrueTime|Win32
		{F81BB9EE-DD86-415E-87E3-B60732EFD72F}.TrueTime|x86.Build.0 = TrueTime|Win32
		{F81BB9EE-DD86-415E-87E3-B60732EFD72F}.TrueTimeD|x86.ActiveCfg = TrueTimeD|Win32
		{F81BB9EE-DD86-415E-87E3-B60732EFD72F}.TrueTimeD|x86.Build.0 = TrueTimeD|Win32
		{9F998B06-078F-4D01-BE26-0302B4772FE3}.BChecker|x86.ActiveCfg = Retail|Win32
		{9F998B06-078F-4D01-BE26-0302B4772FE3}.BChecker|x86.Build.0 = Retail|Win32
		{9F998B06-078F-4D01-BE26-0302B4772FE3}.BCheckerD|x86.ActiveCfg = Retail|Win32
		{9F998B06-078F-4D01-BE26-0302B4772FE3}.BCheckerD|x86.Build.0 = Retail|Win32
		{9F998B06-078F-4D01-BE26-0302B4772FE3}.Debug|x86.ActiveCfg = Debug|Win32
		{9F998B06-078F-4D01-BE26-0302B4772FE3}.Debug|x86.Build.0 = Debug|Win32
		{9F998B06-078F-4D01-BE26-0302B4772FE3}.ICap|x86.ActiveCfg = Retail|Win32
		{9F998B06-078F-4D01-BE26-0302B4772FE3}.ICap|x86.Build.0 = Retail|Win32
		{9F998B06-078F-4D01-BE26-0302B4772FE3}.ICapD|x86.ActiveCfg = Retail|Win32
		{9F998B06-078F-4D01-BE26-0302B4772FE3}.ICapD|x86.Build.0 = Retail|Win32
		{9F998B06-078F-4D01-BE26-0302B4772FE3}.Release|x86.ActiveCfg = Retail|Win32
		{9F998B06-078F-4D01-BE26-0302B4772FE3}.Release|x86.Build.0 = Retail|Win32
		{9F998B06-078F-4D01-BE26-0302B4772FE3}.Retail|x86.ActiveCfg = Retail|Win32
		{9F998B06-078F-4D01-BE26-0302B4772FE3}.Retail|x86.Build.0 = Retail|Win32
		{9F998B06-078F-4D01-BE26-0302B4772FE3}.Test|x86.ActiveCfg = Retail|Win32
		{9F998B06-078F-4D01-BE26-0302B4772FE3}.Test|x86.Build.0 = Retail|Win32
		{9F998B06-078F-4D01-BE26-0302B4772FE3}.TrueTime|x86.ActiveCfg = Retail|Win32
		{9F998B06-078F-4D01-BE26-0302B4772FE3}.TrueTime|x86.Build.0 = Retail|Win32
		{9F998B06-078F-4D01-BE26-0302B4772FE3}.TrueTimeD|x86.ActiveCfg = Retail|Win32
		{9F998B06-078F-4D01-BE26-0302B4772FE3}.TrueTimeD|x86.Build.0 = Retail|Win32
		{BF99DCB8-4127-4403-82C9-72190C6ABF5F}.BChecker|x86.ActiveCfg = BChecker|Win32
		{BF99DCB8-4127-4403-82C9-72190C6ABF5F}.BChecker|x86.Build.0 = BChecker|Win32
		{BF99DCB8-4127-4403-82C9-72190C6ABF5F}.BCheckerD|x86.ActiveCfg = BCheckerD|Win32
		{BF99DCB8-4127-4403-82C9-72190C6ABF5F}.BCheckerD|x86.Build.0 = BCheckerD|Win32
		{BF99DCB8-4127-4403-82C9-72190C6ABF5F}.Debug|x86.ActiveCfg = Debug|Win32
		{BF99DCB8-4127-4403-82C9-72190C6ABF5F}.Debug|x86.Build.0 = Debug|Win32
		{BF99DCB8-4127-4403-82C9-72190C6ABF5F}.ICap|x86.ActiveCfg = ICap|Win32
		{BF99DCB8-4127-4403-82C9-72190C6ABF5F}.ICap|x86.Build.0 = ICap|Win32
		{BF99DCB8-4127-4403-82C9-72190C6ABF5F}.ICapD|x86.ActiveCfg = ICapD|Win32
		{BF99DCB8-4127-4403-82C9-72190C6ABF5F}.ICapD|x86.Build.0 = ICapD|Win32
		{BF99DCB8-4127-4403-82C9-72190C6ABF5F}.Release|x86.ActiveCfg = Retail|Win32
		{BF99DCB8-4127-4403-82C9-72190C6ABF5F}.Release|x86.Build.0 = Retail|Win32
		{BF99DCB8-4127-4403-82C9-72190C6ABF5F}.Retail|x86.ActiveCfg = Retail|Win32
		{BF99DCB8-4127-4403-82C9-72190C6ABF5F}.Retail|x86.Build.0 = Retail|Win32
		{BF99DCB8-4127-4403-82C9-72190C6ABF5F}.Test|x86.ActiveCfg = Test|Win32
		{BF99DCB8-4127-4403-82C9-72190C6ABF5F}.Test|x86.Build.0 = Test|Win32
		{BF99DCB8-4127-4403-82C9-72190C6ABF5F}.TrueTime|x86.ActiveCfg = TrueTime|Win32
		{BF99DCB8-4127-4403-82C9-72190C6ABF5F}.TrueTime|x86.Build.0 = TrueTime|Win32
		{BF99DCB8-4127-4403-82C9-72190C6ABF5F}.TrueTimeD|x86.ActiveCfg = TrueTimeD|Win32
		{BF99DCB8-4127-4403-82C9-72190C6ABF5F}.TrueTimeD|x86.Build.0 = TrueTimeD|Win32
		{557CA42C-AA39-4C44-A998-0452F8C55851}.BChecker|x86.ActiveCfg = BChecker|Win32
		{557CA42C-AA39-4C44-A998-0452F8C55851}.BChecker|x86.Build.0 = BChecker|Win32
		{557CA42C-AA39-4C44-A998-0452F8C55851}.BCheckerD|x86.ActiveCfg = BCheckerD|Win32
		{557CA42C-AA39-4C44-A998-0452F8C55851}.BCheckerD|x86.Build.0 = BCheckerD|Win32
		{557CA42C-AA39-4C44-A998-0452F8C55851}.Debug|x86.ActiveCfg = Debug|Win32
		{557CA42C-AA39-4C44-A998-0452F8C55851}.Debug|x86.Build.0 = Debug|Win32
		{557CA42C-AA39-4C44-A998-0452F8C55851}.ICap|x86.ActiveCfg = ICap|Win32
		{557CA42C-AA39-4C44-A998-0452F8C55851}.ICap|x86.Build.0 = ICap|Win32
		{557CA42C-AA39-4C44-A998-0452F8C55851}.ICapD|x86.ActiveCfg = ICapD|Win32
		{557CA42C-AA39-4C44-A998-0452F8C55851}.ICapD|x86.Build.0 = ICapD|Win32
		{557CA42C-AA39-4C44-A998-0452F8C55851}.Release|x86.ActiveCfg = Retail|Win32
		{557CA42C-AA39-4C44-A998-0452F8C55851}.Release|x86.Build.0 = Retail|Win32
		{557CA42C-AA39-4C44-A998-0452F8C55851}.Retail|x86.ActiveCfg = Retail|Win32
		{557CA42C-AA39-4C44-A998-0452F8C55851}.Retail|x86.Build.0 = Retail|Win32
		{557CA42C-AA39-4C44-A998-0452F8C55851}.Test|x86.ActiveCfg = Test|Win32
		{557CA42C-AA39-4C44-A998-0452F8C55851}.Test|x86.Build.0 = Test|Win32
		{557CA42C-AA39-4C44-A998-0452F8C55851}.TrueTime|x86.ActiveCfg = TrueTime|Win32
		{557CA42C-AA39-4C44-A998-0452F8C55851}.TrueTime|x86.Build.0 = TrueTime|Win32
		{557CA42C-AA39-4C44-A998-0452F8C55851}.TrueTimeD|x86.ActiveCfg = TrueTimeD|Win32
		{557CA42C-AA39-4C44-A998-0452F8C55851}.TrueTimeD|x86.Build.0 = TrueTimeD|Win32
		{1CBF6569-F71C-422A-81DD-8D30A736DB21}.BChecker|x86.ActiveCfg = BChecker|Win32
		{1CBF6569-F71C-422A-81DD-8D30A736DB21}.BChecker|x86.Build.0 = BChecker|Win32
		{1CBF6569-F71C-422A-81DD-8D30A736DB21}.BCheckerD|x86.ActiveCfg = BCheckerD|Win32
		{1CBF6569-F71C-422A-81DD-8D30A736DB21}.BCheckerD|x86.Build.0 = BCheckerD|Win32
		{1CBF6569-F71C-422A-81DD-8D30A736DB21}.Debug|x86.ActiveCfg = Debug|Win32
		{1CBF6569-F71C-422A-81DD-8D30A736DB21}.Debug|x86.Build.0 = Debug|Win32
		{1CBF6569-F71C-422A-81DD-8D30A736DB21}.ICap|x86.ActiveCfg = ICap|Win32
		{1CBF6569-F71C-422A-81DD-8D30A736DB21}.ICap|x86.Build.0 = ICap|Win32
		{1CBF6569-F71C-422A-81DD-8D30A736DB21}.ICapD|x86.ActiveCfg = ICapD|Win32
		{1CBF6569-F71C-422A-81DD-8D30A736DB21}.ICapD|x86.Build.0 = ICapD|Win32
		{1CBF6569-F71C-422A-81DD-8D30A736DB21}.Release|x86.ActiveCfg = Retail|Win32
		{1CBF6569-F71C-422A-81DD-8D30A736DB21}.Release|x86.Build.0 = Retail|Win32
		{1CBF6569-F71C-422A-81DD-8D30A736DB21}.Retail|x86.ActiveCfg = Retail|Win32
		{1CBF6569-F71C-422A-81DD-8D30A736DB21}.Retail|x86.Build.0 = Retail|Win32
		{1CBF6569-F71C-422A-81DD-8D30A736DB21}.Test|x86.ActiveCfg = Test|Win32
		{1CBF6569-F71C-422A-81DD-8D30A736DB21}.Test|x86.Build.0 = Test|Win32
		{1CBF6569-F71C-422A-81DD-8D30A736DB21}.TrueTime|x86.ActiveCfg = TrueTime|Win32
		{1CBF6569-F71C-422A-81DD-8D30A736DB21}.TrueTime|x86.Build.0 = TrueTime|Win32
		{1CBF6569-F71C-422A-81DD-8D30A736DB21}.TrueTimeD|x86.ActiveCfg = TrueTimeD|Win32
		{1CBF6569-F71C-422A-81DD-8D30A736DB21}.TrueTimeD|x86.Build.0 = TrueTimeD|Win32
		{3702DB5A-C966-4133-824F-5958F4BF9BCF}.BChecker|x86.ActiveCfg = BChecker|Win32
		{3702DB5A-C966-4133-824F-5958F4BF9BCF}.BChecker|x86.Build.0 = BChecker|Win32
		{3702DB5A-C966-4133-824F-5958F4BF9BCF}.BCheckerD|x86.ActiveCfg = BCheckerD|Win32
		{3702DB5A-C966-4133-824F-5958F4BF9BCF}.BCheckerD|x86.Build.0 = BCheckerD|Win32
		{3702DB5A-C966-4133-824F-5958F4BF9BCF}.Debug|x86.ActiveCfg = Debug|Win32
		{3702DB5A-C966-4133-824F-5958F4BF9BCF}.Debug|x86.Build.0 = Debug|Win32
		{3702DB5A-C966-4133-824F-5958F4BF9BCF}.ICap|x86.ActiveCfg = ICap|Win32
		{3702DB5A-C966-4133-824F-5958F4BF9BCF}.ICap|x86.Build.0 = ICap|Win32
		{3702DB5A-C966-4133-824F-5958F4BF9BCF}.ICapD|x86.ActiveCfg = ICapD|Win32
		{3702DB5A-C966-4133-824F-5958F4BF9BCF}.ICapD|x86.Build.0 = ICapD|Win32
		{3702DB5A-C966-4133-824F-5958F4BF9BCF}.Release|x86.ActiveCfg = Retail|Win32
		{3702DB5A-C966-4133-824F-5958F4BF9BCF}.Release|x86.Build.0 = Retail|Win32
		{3702DB5A-C966-4133-824F-5958F4BF9BCF}.Retail|x86.ActiveCfg = Retail|Win32
		{3702DB5A-C966-4133-824F-5958F4BF9BCF}.Retail|x86.Build.0 = Retail|Win32
		{3702DB5A-C966-4133-824F-5958F4BF9BCF}.Test|x86.ActiveCfg = Test|Win32
		{3702DB5A-C966-4133-824F-5958F4BF9BCF}.Test|x86.Build.0 = Test|Win32
		{3702DB5A-C966-4133-824F-5958F4BF9BCF}.TrueTime|x86.ActiveCfg = TrueTime|Win32
		{3702DB5A-C966-4133-824F-5958F4BF9BCF}.TrueTime|x86.Build.0 = TrueTime|Win32
		{3702DB5A-C966-4133-824F-5958F4BF9BCF}.TrueTimeD|x86.ActiveCfg = TrueTimeD|Win32
		{3702DB5A-C966-4133-824F-5958F4BF9BCF}.TrueTimeD|x86.Build.0 = TrueTimeD|Win32
		{05EAD557-56B0-4070-83F0-8A2B6FB9C54D}.BChecker|x86.ActiveCfg = BChecker|Win32
		{05EAD557-56B0-4070-83F0-8A2B6FB9C54D}.BChecker|x86.Build.0 = BChecker|Win32
		{05EAD557-56B0-4070-83F0-8A2B6FB9C54D}.BCheckerD|x86.ActiveCfg = BCheckerD|Win32
		{05EAD557-56B0-4070-83F0-8A2B6FB9C54D}.BCheckerD|x86.Build.0 = BCheckerD|Win32
		{05EAD557-56B0-4070-83F0-8A2B6FB9C54D}.Debug|x86.ActiveCfg = Debug|Win32
		{05EAD557-56B0-4070-83F0-8A2B6FB9C54D}.Debug|x86.Build.0 = Debug|Win32
		{05EAD557-56B0-4070-83F0-8A2B6FB9C54D}.ICap|x86.ActiveCfg = ICap|Win32
		{05EAD557-56B0-4070-83F0-8A2B6FB9C54D}.ICap|x86.Build.0 = ICap|Win32
		{05EAD557-56B0-4070-83F0-8A2B6FB9C54D}.ICapD|x86.ActiveCfg = ICapD|Win32
		{05EAD557-56B0-4070-83F0-8A2B6FB9C54D}.ICapD|x86.Build.0 = ICapD|Win32
		{05EAD557-56B0-4070-83F0-8A2B6FB9C54D}.Release|x86.ActiveCfg = Retail|Win32
		{05EAD557-56B0-4070-83F0-8A2B6FB9C54D}.Release|x86.Build.0 = Retail|Win32
		{05EAD557-56B0-4070-83F0-8A2B6FB9C54D}.Retail|x86.ActiveCfg = Retail|Win32
		{05EAD557-56B0-4070-83F0-8A2B6FB9C54D}.Retail|x86.Build.0 = Retail|Win32
		{05EAD557-56B0-4070-83F0-8A2B6FB9C54D}.Test|x86.ActiveCfg = Test|Win32
		{05EAD557-56B0-4070-83F0-8A2B6FB9C54D}.Test|x86.Build.0 = Test|Win32
		{05EAD557-56B0-4070-83F0-8A2B6FB9C54D}.TrueTime|x86.ActiveCfg = TrueTime|Win32
		{05EAD557-56B0-4070-83F0-8A2B6FB9C54D}.TrueTime|x86.Build.0 = TrueTime|Win32
		{05EAD557-56B0-4070-83F0-8A2B6FB9C54D}.TrueTimeD|x86.ActiveCfg = TrueTimeD|Win32
		{05EAD557-56B0-4070-83F0-8A2B6FB9C54D}.TrueTimeD|x86.Build.0 = TrueTimeD|Win32
		{181139DC-F4E7-446B-B8DD-C195691B34CA}.BChecker|x86.ActiveCfg = BChecker|Win32
		{181139DC-F4E7-446B-B8DD-C195691B34CA}.BChecker|x86.Build.0 = BChecker|Win32
		{181139DC-F4E7-446B-B8DD-C195691B34CA}.BCheckerD|x86.ActiveCfg = BCheckerD|Win32
		{181139DC-F4E7-446B-B8DD-C195691B34CA}.BCheckerD|x86.Build.0 = BCheckerD|Win32
		{181139DC-F4E7-446B-B8DD-C195691B34CA}.Debug|x86.ActiveCfg = Debug|Win32
		{181139DC-F4E7-446B-B8DD-C195691B34CA}.Debug|x86.Build.0 = Debug|Win32
		{181139DC-F4E7-446B-B8DD-C195691B34CA}.ICap|x86.ActiveCfg = ICap|Win32
		{181139DC-F4E7-446B-B8DD-C195691B34CA}.ICap|x86.Build.0 = ICap|Win32
		{181139DC-F4E7-446B-B8DD-C195691B34CA}.ICapD|x86.ActiveCfg = ICapD|Win32
		{181139DC-F4E7-446B-B8DD-C195691B34CA}.ICapD|x86.Build.0 = ICapD|Win32
		{181139DC-F4E7-446B-B8DD-C195691B34CA}.Release|x86.ActiveCfg = Retail|Win32
		{181139DC-F4E7-446B-B8DD-C195691B34CA}.Release|x86.Build.0 = Retail|Win32
		{181139DC-F4E7-446B-B8DD-C195691B34CA}.Retail|x86.ActiveCfg = Retail|Win32
		{181139DC-F4E7-446B-B8DD-C195691B34CA}.Retail|x86.Build.0 = Retail|Win32
		{181139DC-F4E7-446B-B8DD-C195691B34CA}.Test|x86.ActiveCfg = Test|Win32
		{181139DC-F4E7-446B-B8DD-C195691B34CA}.Test|x86.Build.0 = Test|Win32
		{181139DC-F4E7-446B-B8DD-C195691B34CA}.TrueTime|x86.ActiveCfg = TrueTime|Win32
		{181139DC-F4E7-446B-B8DD-C195691B34CA}.TrueTime|x86.Build.0 = TrueTime|Win32
		{181139DC-F4E7-446B-B8DD-C195691B34CA}.TrueTimeD|x86.ActiveCfg = TrueTimeD|Win32
		{181139DC-F4E7-446B-B8DD-C195691B34CA}.TrueTimeD|x86.Build.0 = TrueTimeD|Win32
		{D0771872-F515-47A2-87D4-7068F41D65B1}.BChecker|x86.ActiveCfg = Retail|Win32
		{D0771872-F515-47A2-87D4-7068F41D65B1}.BChecker|x86.Build.0 = Retail|Win32
		{D0771872-F515-47A2-87D4-7068F41D65B1}.BCheckerD|x86.ActiveCfg = Retail|Win32
		{D0771872-F515-47A2-87D4-7068F41D65B1}.BCheckerD|x86.Build.0 = Retail|Win32
		{D0771872-F515-47A2-87D4-7068F41D65B1}.Debug|x86.ActiveCfg = Debug|Win32
		{D0771872-F515-47A2-87D4-7068F41D65B1}.Debug|x86.Build.0 = Debug|Win32
		{D0771872-F515-47A2-87D4-7068F41D65B1}.ICap|x86.ActiveCfg = Retail|Win32
		{D0771872-F515-47A2-87D4-7068F41D65B1}.ICap|x86.Build.0 = Retail|Win32
		{D0771872-F515-47A2-87D4-7068F41D65B1}.ICapD|x86.ActiveCfg = Retail|Win32
		{D0771872-F515-47A2-87D4-7068F41D65B1}.ICapD|x86.Build.0 = Retail|Win32
		{D0771872-F515-47A2-87D4-7068F41D65B1}.Release|x86.ActiveCfg = Retail|Win32
		{D0771872-F515-47A2-87D4-7068F41D65B1}.Release|x86.Build.0 = Retail|Win32
		{D0771872-F515-47A2-87D4-7068F41D65B1}.Retail|x86.ActiveCfg = Retail|Win32
		{D0771872-F515-47A2-87D4-7068F41D65B1}.Retail|x86.Build.0 = Retail|Win32
		{D0771872-F515-47A2-87D4-7068F41D65B1}.Test|x86.ActiveCfg = Retail|Win32
		{D0771872-F515-47A2-87D4-7068F41D65B1}.Test|x86.Build.0 = Retail|Win32
		{D0771872-F515-47A2-87D4-7068F41D65B1}.TrueTime|x86.ActiveCfg = Retail|Win32
		{D0771872-F515-47A2-87D4-7068F41D65B1}.TrueTime|x86.Build.0 = Retail|Win32
		{D0771872-F515-47A2-87D4-7068F41D65B1}.TrueTimeD|x86.ActiveCfg = Retail|Win32
		{D0771872-F515-47A2-87D4-7068F41D65B1}.TrueTimeD|x86.Build.0 = Retail|Win32
	EndGlobalSection
	GlobalSection(SolutionProperties) = preSolution
		HideSolutionNode = FALSE
	EndGlobalSection
	GlobalSection(ExtensibilityGlobals) = postSolution
		SolutionGuid = {D6C69413-010E-46DB-BCF8-BFCA03F0CB62}
	EndGlobalSection
EndGlobal
